
Microsoft Visual Studio Solution File, Format Version 12.00
# Visual Studio Version 16
VisualStudioVersion = 16.0.31205.134
MinimumVisualStudioVersion = 10.0.40219.1
Project("{9A19103F-16F7-4668-BE54-9A1E7A4F7556}") = "Insight.PowerBI.Core", "Insight.PowerBI.Core\Insight.PowerBI.Core.csproj", "{9670DF81-7401-49F7-A6C8-BDDC70BD85AE}"
EndProject
Project("{9A19103F-16F7-4668-BE54-9A1E7A4F7556}") = "Insight.PowerBI.Automation", "Insight.PowerBI.Automation\Insight.PowerBI.Automation.csproj", "{1BAF1CE1-8456-4EBE-A2E1-D562CE5D75F1}"
EndProject
Global
	GlobalSection(SolutionConfigurationPlatforms) = preSolution
		Debug|Any CPU = Debug|Any CPU
		Release|Any CPU = Release|Any CPU
	EndGlobalSection
	GlobalSection(ProjectConfigurationPlatforms) = postSolution
		{9670DF81-7401-49F7-A6C8-BDDC70BD85AE}.Debug|Any CPU.ActiveCfg = Debug|Any CPU
		{9670DF81-7401-49F7-A6C8-BDDC70BD85AE}.Debug|Any CPU.Build.0 = Debug|Any CPU
		{9670DF81-7401-49F7-A6C8-BDDC70BD85AE}.Release|Any CPU.ActiveCfg = Release|Any CPU
		{9670DF81-7401-49F7-A6C8-BDDC70BD85AE}.Release|Any CPU.Build.0 = Release|Any CPU
		{1BAF1CE1-8456-4EBE-A2E1-D562CE5D75F1}.Debug|Any CPU.ActiveCfg = Debug|Any CPU
		{1BAF1CE1-8456-4EBE-A2E1-D562CE5D75F1}.Debug|Any CPU.Build.0 = Debug|Any CPU
		{1BAF1CE1-8456-4EBE-A2E1-D562CE5D75F1}.Release|Any CPU.ActiveCfg = Release|Any CPU
		{1BAF1CE1-8456-4EBE-A2E1-D562CE5D75F1}.Release|Any CPU.Build.0 = Release|Any CPU
	EndGlobalSection
	GlobalSection(SolutionProperties) = preSolution
		HideSolutionNode = FALSE
	EndGlobalSection
	GlobalSection(ExtensibilityGlobals) = postSolution
		SolutionGuid = {E40E2994-B4C0-4ADF-ABCB-28345B75EB39}
	EndGlobalSection
EndGlobal
